// !$*UTF8*$!
{
	archiveVersion = 1;
	classes = {
	};
	objectVersion = 77;
	objects = {

/* Begin PBXBuildFile section */
		A7270B0F2E429FC700676A5A /* OneSignalNotificationServiceExtension.appex in Embed Foundation Extensions */ = {isa = PBXBuildFile; fileRef = A7270B082E429FC700676A5A /* OneSignalNotificationServiceExtension.appex */; settings = {ATTRIBUTES = (RemoveHeadersOnCopy, ); }; };
		A7270B182E42A5EE00676A5A /* OneSignalExtension in Frameworks */ = {isa = PBXBuildFile; productRef = A7270B172E42A5EE00676A5A /* OneSignalExtension */; };
		A7270B1A2E42A5EE00676A5A /* OneSignalFramework in Frameworks */ = {isa = PBXBuildFile; productRef = A7270B192E42A5EE00676A5A /* OneSignalFramework */; };
		A7270B1C2E42A5EE00676A5A /* OneSignalInAppMessages in Frameworks */ = {isa = PBXBuildFile; productRef = A7270B1B2E42A5EE00676A5A /* OneSignalInAppMessages */; };
		A7C5C9912E3ECAF600EE8D2B /* RevenueCat in Frameworks */ = {isa = PBXBuildFile; productRef = A7C5C9902E3ECAF600EE8D2B /* RevenueCat */; };
		A7C5C9932E3ECAF600EE8D2B /* RevenueCatUI in Frameworks */ = {isa = PBXBuildFile; productRef = A7C5C9922E3ECAF600EE8D2B /* RevenueCatUI */; };
/* End PBXBuildFile section */

/* Begin PBXContainerItemProxy section */
		A7270B0D2E429FC700676A5A /* PBXContainerItemProxy */ = {
			isa = PBXContainerItemProxy;
			containerPortal = A75325962E3BBE0E00735737 /* Project object */;
			proxyType = 1;
			remoteGlobalIDString = A7270B072E429FC700676A5A;
			remoteInfo = OneSignalNotificationServiceExtension;
		};
		A75325B62E3BBE1000735737 /* PBXContainerItemProxy */ = {
			isa = PBXContainerItemProxy;
			containerPortal = A75325962E3BBE0E00735737 /* Project object */;
			proxyType = 1;
			remoteGlobalIDString = A753259D2E3BBE0E00735737;
			remoteInfo = EmotiQ;
		};
		A75325C02E3BBE1000735737 /* PBXContainerItemProxy */ = {
			isa = PBXContainerItemProxy;
			containerPortal = A75325962E3BBE0E00735737 /* Project object */;
			proxyType = 1;
			remoteGlobalIDString = A753259D2E3BBE0E00735737;
			remoteInfo = EmotiQ;
		};
/* End PBXContainerItemProxy section */

/* Begin PBXCopyFilesBuildPhase section */
		A7270B142E429FC700676A5A /* Embed Foundation Extensions */ = {
			isa = PBXCopyFilesBuildPhase;
			buildActionMask = 2147483647;
			dstPath = "";
			dstSubfolderSpec = 13;
			files = (
				A7270B0F2E429FC700676A5A /* OneSignalNotificationServiceExtension.appex in Embed Foundation Extensions */,
			);
			name = "Embed Foundation Extensions";
			runOnlyForDeploymentPostprocessing = 0;
		};
/* End PBXCopyFilesBuildPhase section */

/* Begin PBXFileReference section */
		A7270B082E429FC700676A5A /* OneSignalNotificationServiceExtension.appex */ = {isa = PBXFileReference; explicitFileType = "wrapper.app-extension"; includeInIndex = 0; path = OneSignalNotificationServiceExtension.appex; sourceTree = BUILT_PRODUCTS_DIR; };
		A753259E2E3BBE0E00735737 /* EmotiQ.app */ = {isa = PBXFileReference; explicitFileType = wrapper.application; includeInIndex = 0; path = EmotiQ.app; sourceTree = BUILT_PRODUCTS_DIR; };
		A75325B52E3BBE1000735737 /* EmotiQTests.xctest */ = {isa = PBXFileReference; explicitFileType = wrapper.cfbundle; includeInIndex = 0; path = EmotiQTests.xctest; sourceTree = BUILT_PRODUCTS_DIR; };
		A75325BF2E3BBE1000735737 /* EmotiQUITests.xctest */ = {isa = PBXFileReference; explicitFileType = wrapper.cfbundle; includeInIndex = 0; path = EmotiQUITests.xctest; sourceTree = BUILT_PRODUCTS_DIR; };
/* End PBXFileReference section */

/* Begin PBXFileSystemSynchronizedBuildFileExceptionSet section */
		A7270B132E429FC700676A5A /* Exceptions for "OneSignalNotificationServiceExtension" folder in "OneSignalNotificationServiceExtension" target */ = {
			isa = PBXFileSystemSynchronizedBuildFileExceptionSet;
			membershipExceptions = (
				Info.plist,
			);
			target = A7270B072E429FC700676A5A /* OneSignalNotificationServiceExtension */;
		};
		A75325C72E3BBE1000735737 /* Exceptions for "EmotiQ" folder in "EmotiQ" target */ = {
			isa = PBXFileSystemSynchronizedBuildFileExceptionSet;
			membershipExceptions = (
				Info.plist,
			);
			target = A753259D2E3BBE0E00735737 /* EmotiQ */;
		};
/* End PBXFileSystemSynchronizedBuildFileExceptionSet section */

/* Begin PBXFileSystemSynchronizedRootGroup section */
		A7270B092E429FC700676A5A /* OneSignalNotificationServiceExtension */ = {
			isa = PBXFileSystemSynchronizedRootGroup;
			exceptions = (
				A7270B132E429FC700676A5A /* Exceptions for "OneSignalNotificationServiceExtension" folder in "OneSignalNotificationServiceExtension" target */,
			);
			path = OneSignalNotificationServiceExtension;
			sourceTree = "<group>";
		};
		A75325A02E3BBE0E00735737 /* EmotiQ */ = {
			isa = PBXFileSystemSynchronizedRootGroup;
			exceptions = (
				A75325C72E3BBE1000735737 /* Exceptions for "EmotiQ" folder in "EmotiQ" target */,
			);
			path = EmotiQ;
			sourceTree = "<group>";
		};
		A75325B82E3BBE1000735737 /* EmotiQTests */ = {
			isa = PBXFileSystemSynchronizedRootGroup;
			path = EmotiQTests;
			sourceTree = "<group>";
		};
		A75325C22E3BBE1000735737 /* EmotiQUITests */ = {
			isa = PBXFileSystemSynchronizedRootGroup;
			path = EmotiQUITests;
			sourceTree = "<group>";
		};
/* End PBXFileSystemSynchronizedRootGroup section */

/* Begin PBXFrameworksBuildPhase section */
		A7270B052E429FC700676A5A /* Frameworks */ = {
			isa = PBXFrameworksBuildPhase;
			buildActionMask = 2147483647;
			files = (
				A7270B182E42A5EE00676A5A /* OneSignalExtension in Frameworks */,
			);
			runOnlyForDeploymentPostprocessing = 0;
		};
		A753259B2E3BBE0E00735737 /* Frameworks */ = {
			isa = PBXFrameworksBuildPhase;
			buildActionMask = 2147483647;
			files = (
				A7C5C9932E3ECAF600EE8D2B /* RevenueCatUI in Frameworks */,
				A7270B1A2E42A5EE00676A5A /* OneSignalFramework in Frameworks */,
				A7270B1C2E42A5EE00676A5A /* OneSignalInAppMessages in Frameworks */,
				A7C5C9912E3ECAF600EE8D2B /* RevenueCat in Frameworks */,
			);
			runOnlyForDeploymentPostprocessing = 0;
		};
		A75325B22E3BBE1000735737 /* Frameworks */ = {
			isa = PBXFrameworksBuildPhase;
			buildActionMask = 2147483647;
			files = (
			);
			runOnlyForDeploymentPostprocessing = 0;
		};
		A75325BC2E3BBE1000735737 /* Frameworks */ = {
			isa = PBXFrameworksBuildPhase;
			buildActionMask = 2147483647;
			files = (
			);
			runOnlyForDeploymentPostprocessing = 0;
		};
/* End PBXFrameworksBuildPhase section */

/* Begin PBXGroup section */
		A75325952E3BBE0E00735737 = {
			isa = PBXGroup;
			children = (
				A75325A02E3BBE0E00735737 /* EmotiQ */,
				A75325B82E3BBE1000735737 /* EmotiQTests */,
				A75325C22E3BBE1000735737 /* EmotiQUITests */,
				A7270B092E429FC700676A5A /* OneSignalNotificationServiceExtension */,
				A753259F2E3BBE0E00735737 /* Products */,
			);
			sourceTree = "<group>";
		};
		A753259F2E3BBE0E00735737 /* Products */ = {
			isa = PBXGroup;
			children = (
				A753259E2E3BBE0E00735737 /* EmotiQ.app */,
				A75325B52E3BBE1000735737 /* EmotiQTests.xctest */,
				A75325BF2E3BBE1000735737 /* EmotiQUITests.xctest */,
				A7270B082E429FC700676A5A /* OneSignalNotificationServiceExtension.appex */,
			);
			name = Products;
			sourceTree = "<group>";
		};
/* End PBXGroup section */

/* Begin PBXNativeTarget section */
		A7270B072E429FC700676A5A /* OneSignalNotificationServiceExtension */ = {
			isa = PBXNativeTarget;
			buildConfigurationList = A7270B102E429FC700676A5A /* Build configuration list for PBXNativeTarget "OneSignalNotificationServiceExtension" */;
			buildPhases = (
				A7270B042E429FC700676A5A /* Sources */,
				A7270B052E429FC700676A5A /* Frameworks */,
				A7270B062E429FC700676A5A /* Resources */,
			);
			buildRules = (
			);
			dependencies = (
			);
			fileSystemSynchronizedGroups = (
				A7270B092E429FC700676A5A /* OneSignalNotificationServiceExtension */,
			);
			name = OneSignalNotificationServiceExtension;
			packageProductDependencies = (
				A7270B172E42A5EE00676A5A /* OneSignalExtension */,
			);
			productName = OneSignalNotificationServiceExtension;
			productReference = A7270B082E429FC700676A5A /* OneSignalNotificationServiceExtension.appex */;
			productType = "com.apple.product-type.app-extension";
		};
		A753259D2E3BBE0E00735737 /* EmotiQ */ = {
			isa = PBXNativeTarget;
			buildConfigurationList = A75325C82E3BBE1000735737 /* Build configuration list for PBXNativeTarget "EmotiQ" */;
			buildPhases = (
				A753259A2E3BBE0E00735737 /* Sources */,
				A753259B2E3BBE0E00735737 /* Frameworks */,
				A753259C2E3BBE0E00735737 /* Resources */,
				A7270B142E429FC700676A5A /* Embed Foundation Extensions */,
			);
			buildRules = (
			);
			dependencies = (
				A7270B0E2E429FC700676A5A /* PBXTargetDependency */,
			);
			fileSystemSynchronizedGroups = (
				A75325A02E3BBE0E00735737 /* EmotiQ */,
			);
			name = EmotiQ;
			packageProductDependencies = (
				A7C5C9902E3ECAF600EE8D2B /* RevenueCat */,
				A7C5C9922E3ECAF600EE8D2B /* RevenueCatUI */,
				A7270B192E42A5EE00676A5A /* OneSignalFramework */,
				A7270B1B2E42A5EE00676A5A /* OneSignalInAppMessages */,
			);
			productName = EmotiQ;
			productReference = A753259E2E3BBE0E00735737 /* EmotiQ.app */;
			productType = "com.apple.product-type.application";
		};
		A75325B42E3BBE1000735737 /* EmotiQTests */ = {
			isa = PBXNativeTarget;
			buildConfigurationList = A75325CD2E3BBE1000735737 /* Build configuration list for PBXNativeTarget "EmotiQTests" */;
			buildPhases = (
				A75325B12E3BBE1000735737 /* Sources */,
				A75325B22E3BBE1000735737 /* Frameworks */,
				A75325B32E3BBE1000735737 /* Resources */,
			);
			buildRules = (
			);
			dependencies = (
				A75325B72E3BBE1000735737 /* PBXTargetDependency */,
			);
			fileSystemSynchronizedGroups = (
				A75325B82E3BBE1000735737 /* EmotiQTests */,
			);
			name = EmotiQTests;
			packageProductDependencies = (
			);
			productName = EmotiQTests;
			productReference = A75325B52E3BBE1000735737 /* EmotiQTests.xctest */;
			productType = "com.apple.product-type.bundle.unit-test";
		};
		A75325BE2E3BBE1000735737 /* EmotiQUITests */ = {
			isa = PBXNativeTarget;
			buildConfigurationList = A75325D02E3BBE1000735737 /* Build configuration list for PBXNativeTarget "EmotiQUITests" */;
			buildPhases = (
				A75325BB2E3BBE1000735737 /* Sources */,
				A75325BC2E3BBE1000735737 /* Frameworks */,
				A75325BD2E3BBE1000735737 /* Resources */,
			);
			buildRules = (
			);
			dependencies = (
				A75325C12E3BBE1000735737 /* PBXTargetDependency */,
			);
			fileSystemSynchronizedGroups = (
				A75325C22E3BBE1000735737 /* EmotiQUITests */,
			);
			name = EmotiQUITests;
			packageProductDependencies = (
			);
			productName = EmotiQUITests;
			productReference = A75325BF2E3BBE1000735737 /* EmotiQUITests.xctest */;
			productType = "com.apple.product-type.bundle.ui-testing";
		};
/* End PBXNativeTarget section */

/* Begin PBXProject section */
		A75325962E3BBE0E00735737 /* Project object */ = {
			isa = PBXProject;
			attributes = {
				BuildIndependentTargetsInParallel = 1;
				LastSwiftUpdateCheck = 1610;
				LastUpgradeCheck = 1610;
				TargetAttributes = {
					A7270B072E429FC700676A5A = {
						CreatedOnToolsVersion = 16.1;
					};
					A753259D2E3BBE0E00735737 = {
						CreatedOnToolsVersion = 16.1;
					};
					A75325B42E3BBE1000735737 = {
						CreatedOnToolsVersion = 16.1;
						TestTargetID = A753259D2E3BBE0E00735737;
					};
					A75325BE2E3BBE1000735737 = {
						CreatedOnToolsVersion = 16.1;
						TestTargetID = A753259D2E3BBE0E00735737;
					};
				};
			};
			buildConfigurationList = A75325992E3BBE0E00735737 /* Build configuration list for PBXProject "EmotiQ" */;
			developmentRegion = en;
			hasScannedForEncodings = 0;
			knownRegions = (
				en,
				Base,
			);
			mainGroup = A75325952E3BBE0E00735737;
			minimizedProjectReferenceProxies = 1;
			packageReferences = (
				A7C5C98F2E3ECAF600EE8D2B /* XCRemoteSwiftPackageReference "purchases-ios" */,
				A7270B162E42A5EE00676A5A /* XCRemoteSwiftPackageReference "OneSignal-iOS-SDK" */,
			);
			preferredProjectObjectVersion = 77;
			productRefGroup = A753259F2E3BBE0E00735737 /* Products */;
			projectDirPath = "";
			projectRoot = "";
			targets = (
				A753259D2E3BBE0E00735737 /* EmotiQ */,
				A75325B42E3BBE1000735737 /* EmotiQTests */,
				A75325BE2E3BBE1000735737 /* EmotiQUITests */,
				A7270B072E429FC700676A5A /* OneSignalNotificationServiceExtension */,
			);
		};
/* End PBXProject section */

/* Begin PBXResourcesBuildPhase section */
		A7270B062E429FC700676A5A /* Resources */ = {
			isa = PBXResourcesBuildPhase;
			buildActionMask = 2147483647;
			files = (
			);
			runOnlyForDeploymentPostprocessing = 0;
		};
		A753259C2E3BBE0E00735737 /* Resources */ = {
			isa = PBXResourcesBuildPhase;
			buildActionMask = 2147483647;
			files = (
			);
			runOnlyForDeploymentPostprocessing = 0;
		};
		A75325B32E3BBE1000735737 /* Resources */ = {
			isa = PBXResourcesBuildPhase;
			buildActionMask = 2147483647;
			files = (
			);
			runOnlyForDeploymentPostprocessing = 0;
		};
		A75325BD2E3BBE1000735737 /* Resources */ = {
			isa = PBXResourcesBuildPhase;
			buildActionMask = 2147483647;
			files = (
			);
			runOnlyForDeploymentPostprocessing = 0;
		};
/* End PBXResourcesBuildPhase section */

/* Begin PBXSourcesBuildPhase section */
		A7270B042E429FC700676A5A /* Sources */ = {
			isa = PBXSourcesBuildPhase;
			buildActionMask = 2147483647;
			files = (
			);
			runOnlyForDeploymentPostprocessing = 0;
		};
		A753259A2E3BBE0E00735737 /* Sources */ = {
			isa = PBXSourcesBuildPhase;
			buildActionMask = 2147483647;
			files = (
			);
			runOnlyForDeploymentPostprocessing = 0;
		};
		A75325B12E3BBE1000735737 /* Sources */ = {
			isa = PBXSourcesBuildPhase;
			buildActionMask = 2147483647;
			files = (
			);
			runOnlyForDeploymentPostprocessing = 0;
		};
		A75325BB2E3BBE1000735737 /* Sources */ = {
			isa = PBXSourcesBuildPhase;
			buildActionMask = 2147483647;
			files = (
			);
			runOnlyForDeploymentPostprocessing = 0;
		};
/* End PBXSourcesBuildPhase section */

/* Begin PBXTargetDependency section */
		A7270B0E2E429FC700676A5A /* PBXTargetDependency */ = {
			isa = PBXTargetDependency;
			target = A7270B072E429FC700676A5A /* OneSignalNotificationServiceExtension */;
			targetProxy = A7270B0D2E429FC700676A5A /* PBXContainerItemProxy */;
		};
		A75325B72E3BBE1000735737 /* PBXTargetDependency */ = {
			isa = PBXTargetDependency;
			target = A753259D2E3BBE0E00735737 /* EmotiQ */;
			targetProxy = A75325B62E3BBE1000735737 /* PBXContainerItemProxy */;
		};
		A75325C12E3BBE1000735737 /* PBXTargetDependency */ = {
			isa = PBXTargetDependency;
			target = A753259D2E3BBE0E00735737 /* EmotiQ */;
			targetProxy = A75325C02E3BBE1000735737 /* PBXContainerItemProxy */;
		};
/* End PBXTargetDependency section */

/* Begin XCBuildConfiguration section */
		A7270B112E429FC700676A5A /* Debug */ = {
			isa = XCBuildConfiguration;
			buildSettings = {
				CODE_SIGN_ENTITLEMENTS = OneSignalNotificationServiceExtension/OneSignalNotificationServiceExtension.entitlements;
				CODE_SIGN_STYLE = Automatic;
				CURRENT_PROJECT_VERSION = 1;
				DEVELOPMENT_TEAM = 4Q6S759NWS;
				GENERATE_INFOPLIST_FILE = YES;
				INFOPLIST_FILE = OneSignalNotificationServiceExtension/Info.plist;
				INFOPLIST_KEY_CFBundleDisplayName = OneSignalNotificationServiceExtension;
				INFOPLIST_KEY_NSHumanReadableCopyright = "";
				IPHONEOS_DEPLOYMENT_TARGET = 17.6;
				LD_RUNPATH_SEARCH_PATHS = (
					"$(inherited)",
					"@executable_path/Frameworks",
					"@executable_path/../../Frameworks",
				);
				MARKETING_VERSION = 1.0;
				PRODUCT_BUNDLE_IDENTIFIER = Temi.EmotiQ.OneSignalNotificationServiceExtension;
				PRODUCT_NAME = "$(TARGET_NAME)";
				SKIP_INSTALL = YES;
				SWIFT_EMIT_LOC_STRINGS = YES;
				SWIFT_VERSION = 5.0;
				TARGETED_DEVICE_FAMILY = "1,2";
			};
			name = Debug;
		};
		A7270B122E429FC700676A5A /* Release */ = {
			isa = XCBuildConfiguration;
			buildSettings = {
				CODE_SIGN_ENTITLEMENTS = OneSignalNotificationServiceExtension/OneSignalNotificationServiceExtension.entitlements;
				CODE_SIGN_IDENTITY = "Apple Development";
				CODE_SIGN_STYLE = Automatic;
				CURRENT_PROJECT_VERSION = 1;
				DEVELOPMENT_TEAM = 4Q6S759NWS;
				GENERATE_INFOPLIST_FILE = YES;
				INFOPLIST_FILE = OneSignalNotificationServiceExtension/Info.plist;
				INFOPLIST_KEY_CFBundleDisplayName = OneSignalNotificationServiceExtension;
				INFOPLIST_KEY_NSHumanReadableCopyright = "";
				IPHONEOS_DEPLOYMENT_TARGET = 17.6;
				LD_RUNPATH_SEARCH_PATHS = (
					"$(inherited)",
					"@executable_path/Frameworks",
					"@executable_path/../../Frameworks",
				);
				MARKETING_VERSION = 1.0;
				PRODUCT_BUNDLE_IDENTIFIER = Temi.EmotiQ.OneSignalNotificationServiceExtension;
				PRODUCT_NAME = "$(TARGET_NAME)";
				SKIP_INSTALL = YES;
				SWIFT_EMIT_LOC_STRINGS = YES;
				SWIFT_VERSION = 5.0;
				TARGETED_DEVICE_FAMILY = "1,2";
			};
			name = Release;
		};
		A75325C92E3BBE1000735737 /* Debug */ = {
			isa = XCBuildConfiguration;
			buildSettings = {
				ASSETCATALOG_COMPILER_APPICON_NAME = AppIcon;
				ASSETCATALOG_COMPILER_GLOBAL_ACCENT_COLOR_NAME = AccentColor;
				CODE_SIGN_ENTITLEMENTS = EmotiQ/EmotiQ.entitlements;
				CODE_SIGN_STYLE = Automatic;
				CURRENT_PROJECT_VERSION = 1;
				DEVELOPMENT_ASSET_PATHS = "\"EmotiQ/Preview Content\"";
				DEVELOPMENT_TEAM = 4Q6S759NWS;
				ENABLE_PREVIEWS = YES;
				GENERATE_INFOPLIST_FILE = YES;
				INFOPLIST_FILE = EmotiQ/Info.plist;
				INFOPLIST_KEY_CFBundleDisplayName = EmotiQ;
				INFOPLIST_KEY_LSApplicationCategoryType = "public.app-category.healthcare-fitness";
				INFOPLIST_KEY_UIApplicationSceneManifest_Generation = YES;
				INFOPLIST_KEY_UIApplicationSupportsIndirectInputEvents = YES;
				INFOPLIST_KEY_UILaunchScreen_Generation = YES;
				INFOPLIST_KEY_UISupportedInterfaceOrientations_iPad = "UIInterfaceOrientationPortrait UIInterfaceOrientationPortraitUpsideDown UIInterfaceOrientationLandscapeLeft UIInterfaceOrientationLandscapeRight";
				INFOPLIST_KEY_UISupportedInterfaceOrientations_iPhone = "UIInterfaceOrientationPortrait UIInterfaceOrientationLandscapeLeft UIInterfaceOrientationLandscapeRight";
				IPHONEOS_DEPLOYMENT_TARGET = 17.6;
				LD_RUNPATH_SEARCH_PATHS = (
					"$(inherited)",
					"@executable_path/Frameworks",
				);
				MARKETING_VERSION = 1.0;
				PRODUCT_BUNDLE_IDENTIFIER = Temi.EmotiQ;
				PRODUCT_NAME = "$(TARGET_NAME)";
				SWIFT_EMIT_LOC_STRINGS = YES;
				SWIFT_VERSION = 5.0;
				TARGETED_DEVICE_FAMILY = "1,2";
			};
			name = Debug;
		};
		A75325CA2E3BBE1000735737 /* Release */ = {
			isa = XCBuildConfiguration;
			buildSettings = {
				ASSETCATALOG_COMPILER_APPICON_NAME = AppIcon;
				ASSETCATALOG_COMPILER_GLOBAL_ACCENT_COLOR_NAME = AccentColor;
				CODE_SIGN_ENTITLEMENTS = EmotiQ/EmotiQRelease.entitlements;
				CODE_SIGN_IDENTITY = "Apple Development";
				CODE_SIGN_STYLE = Automatic;
				CURRENT_PROJECT_VERSION = 1;
				DEVELOPMENT_ASSET_PATHS = "\"EmotiQ/Preview Content\"";
				DEVELOPMENT_TEAM = 4Q6S759NWS;
				ENABLE_PREVIEWS = YES;
				GENERATE_INFOPLIST_FILE = YES;
				INFOPLIST_FILE = EmotiQ/Info.plist;
				INFOPLIST_KEY_CFBundleDisplayName = EmotiQ;
				INFOPLIST_KEY_LSApplicationCategoryType = "public.app-category.healthcare-fitness";
				INFOPLIST_KEY_UIApplicationSceneManifest_Generation = YES;
				INFOPLIST_KEY_UIApplicationSupportsIndirectInputEvents = YES;
				INFOPLIST_KEY_UILaunchScreen_Generation = YES;
				INFOPLIST_KEY_UISupportedInterfaceOrientations_iPad = "UIInterfaceOrientationPortrait UIInterfaceOrientationPortraitUpsideDown UIInterfaceOrientationLandscapeLeft UIInterfaceOrientationLandscapeRight";
				INFOPLIST_KEY_UISupportedInterfaceOrientations_iPhone = "UIInterfaceOrientationPortrait UIInterfaceOrientationLandscapeLeft UIInterfaceOrientationLandscapeRight";
				IPHONEOS_DEPLOYMENT_TARGET = 17.6;
				LD_RUNPATH_SEARCH_PATHS = (
					"$(inherited)",
					"@executable_path/Frameworks",
				);
				MARKETING_VERSION = 1.0;
				PRODUCT_BUNDLE_IDENTIFIER = Temi.EmotiQ;
				PRODUCT_NAME = "$(TARGET_NAME)";
				PROVISIONING_PROFILE_SPECIFIER = "";
				SWIFT_EMIT_LOC_STRINGS = YES;
				SWIFT_VERSION = 5.0;
				TARGETED_DEVICE_FAMILY = "1,2";
			};
			name = Release;
		};
		A75325CB2E3BBE1000735737 /* Debug */ = {
			isa = XCBuildConfiguration;
			buildSettings = {
				ALWAYS_SEARCH_USER_PATHS = NO;
				ASSETCATALOG_COMPILER_GENERATE_SWIFT_ASSET_SYMBOL_EXTENSIONS = YES;
				CLANG_ANALYZER_NONNULL = YES;
				CLANG_ANALYZER_NUMBER_OBJECT_CONVERSION = YES_AGGRESSIVE;
				CLANG_CXX_LANGUAGE_STANDARD = "gnu++20";
				CLANG_ENABLE_MODULES = YES;
				CLANG_ENABLE_OBJC_ARC = YES;
				CLANG_ENABLE_OBJC_WEAK = YES;
				CLANG_WARN_BLOCK_CAPTURE_AUTORELEASING = YES;
				CLANG_WARN_BOOL_CONVERSION = YES;
				CLANG_WARN_COMMA = YES;
				CLANG_WARN_CONSTANT_CONVERSION = YES;
				CLANG_WARN_DEPRECATED_OBJC_IMPLEMENTATIONS = YES;
				CLANG_WARN_DIRECT_OBJC_ISA_USAGE = YES_ERROR;
				CLANG_WARN_DOCUMENTATION_COMMENTS = YES;
				CLANG_WARN_EMPTY_BODY = YES;
				CLANG_WARN_ENUM_CONVERSION = YES;
				CLANG_WARN_INFINITE_RECURSION = YES;
				CLANG_WARN_INT_CONVERSION = YES;
				CLANG_WARN_NON_LITERAL_NULL_CONVERSION = YES;
				CLANG_WARN_OBJC_IMPLICIT_RETAIN_SELF = YES;
				CLANG_WARN_OBJC_LITERAL_CONVERSION = YES;
				CLANG_WARN_OBJC_ROOT_CLASS = YES_ERROR;
				CLANG_WARN_QUOTED_INCLUDE_IN_FRAMEWORK_HEADER = YES;
				CLANG_WARN_RANGE_LOOP_ANALYSIS = YES;
				CLANG_WARN_STRICT_PROTOTYPES = YES;
				CLANG_WARN_SUSPICIOUS_MOVE = YES;
				CLANG_WARN_UNGUARDED_AVAILABILITY = YES_AGGRESSIVE;
				CLANG_WARN_UNREACHABLE_CODE = YES;
				CLANG_WARN__DUPLICATE_METHOD_MATCH = YES;
				COPY_PHASE_STRIP = NO;
				DEBUG_INFORMATION_FORMAT = dwarf;
				ENABLE_STRICT_OBJC_MSGSEND = YES;
				ENABLE_TESTABILITY = YES;
				ENABLE_USER_SCRIPT_SANDBOXING = YES;
				GCC_C_LANGUAGE_STANDARD = gnu17;
				GCC_DYNAMIC_NO_PIC = NO;
				GCC_NO_COMMON_BLOCKS = YES;
				GCC_OPTIMIZATION_LEVEL = 0;
				GCC_PREPROCESSOR_DEFINITIONS = (
					"DEBUG=1",
					"$(inherited)",
				);
				GCC_WARN_64_TO_32_BIT_CONVERSION = YES;
				GCC_WARN_ABOUT_RETURN_TYPE = YES_ERROR;
				GCC_WARN_UNDECLARED_SELECTOR = YES;
				GCC_WARN_UNINITIALIZED_AUTOS = YES_AGGRESSIVE;
				GCC_WARN_UNUSED_FUNCTION = YES;
				GCC_WARN_UNUSED_VARIABLE = YES;
				IPHONEOS_DEPLOYMENT_TARGET = 18.1;
				LOCALIZATION_PREFERS_STRING_CATALOGS = YES;
				MTL_ENABLE_DEBUG_INFO = INCLUDE_SOURCE;
				MTL_FAST_MATH = YES;
				ONLY_ACTIVE_ARCH = YES;
				SDKROOT = iphoneos;
				SWIFT_ACTIVE_COMPILATION_CONDITIONS = "DEBUG $(inherited)";
				SWIFT_OPTIMIZATION_LEVEL = "-Onone";
			};
			name = Debug;
		};
		A75325CC2E3BBE1000735737 /* Release */ = {
			isa = XCBuildConfiguration;
			buildSettings = {
				ALWAYS_SEARCH_USER_PATHS = NO;
				ASSETCATALOG_COMPILER_GENERATE_SWIFT_ASSET_SYMBOL_EXTENSIONS = YES;
				CLANG_ANALYZER_NONNULL = YES;
				CLANG_ANALYZER_NUMBER_OBJECT_CONVERSION = YES_AGGRESSIVE;
				CLANG_CXX_LANGUAGE_STANDARD = "gnu++20";
				CLANG_ENABLE_MODULES = YES;
				CLANG_ENABLE_OBJC_ARC = YES;
				CLANG_ENABLE_OBJC_WEAK = YES;
				CLANG_WARN_BLOCK_CAPTURE_AUTORELEASING = YES;
				CLANG_WARN_BOOL_CONVERSION = YES;
				CLANG_WARN_COMMA = YES;
				CLANG_WARN_CONSTANT_CONVERSION = YES;
				CLANG_WARN_DEPRECATED_OBJC_IMPLEMENTATIONS = YES;
				CLANG_WARN_DIRECT_OBJC_ISA_USAGE = YES_ERROR;
				CLANG_WARN_DOCUMENTATION_COMMENTS = YES;
				CLANG_WARN_EMPTY_BODY = YES;
				CLANG_WARN_ENUM_CONVERSION = YES;
				CLANG_WARN_INFINITE_RECURSION = YES;
				CLANG_WARN_INT_CONVERSION = YES;
				CLANG_WARN_NON_LITERAL_NULL_CONVERSION = YES;
				CLANG_WARN_OBJC_IMPLICIT_RETAIN_SELF = YES;
				CLANG_WARN_OBJC_LITERAL_CONVERSION = YES;
				CLANG_WARN_OBJC_ROOT_CLASS = YES_ERROR;
				CLANG_WARN_QUOTED_INCLUDE_IN_FRAMEWORK_HEADER = YES;
				CLANG_WARN_RANGE_LOOP_ANALYSIS = YES;
				CLANG_WARN_STRICT_PROTOTYPES = YES;
				CLANG_WARN_SUSPICIOUS_MOVE = YES;
				CLANG_WARN_UNGUARDED_AVAILABILITY = YES_AGGRESSIVE;
				CLANG_WARN_UNREACHABLE_CODE = YES;
				CLANG_WARN__DUPLICATE_METHOD_MATCH = YES;
				COPY_PHASE_STRIP = NO;
				DEBUG_INFORMATION_FORMAT = "dwarf-with-dsym";
				ENABLE_NS_ASSERTIONS = NO;
				ENABLE_STRICT_OBJC_MSGSEND = YES;
				ENABLE_USER_SCRIPT_SANDBOXING = YES;
				GCC_C_LANGUAGE_STANDARD = gnu17;
				GCC_NO_COMMON_BLOCKS = YES;
				GCC_WARN_64_TO_32_BIT_CONVERSION = YES;
				GCC_WARN_ABOUT_RETURN_TYPE = YES_ERROR;
				GCC_WARN_UNDECLARED_SELECTOR = YES;
				GCC_WARN_UNINITIALIZED_AUTOS = YES_AGGRESSIVE;
				GCC_WARN_UNUSED_FUNCTION = YES;
				GCC_WARN_UNUSED_VARIABLE = YES;
				IPHONEOS_DEPLOYMENT_TARGET = 18.1;
				LOCALIZATION_PREFERS_STRING_CATALOGS = YES;
				MTL_ENABLE_DEBUG_INFO = NO;
				MTL_FAST_MATH = YES;
				SDKROOT = iphoneos;
				SWIFT_COMPILATION_MODE = wholemodule;
				VALIDATE_PRODUCT = YES;
			};
			name = Release;
		};
		A75325CE2E3BBE1000735737 /* Debug */ = {
			isa = XCBuildConfiguration;
			buildSettings = {
				BUNDLE_LOADER = "$(TEST_HOST)";
				CODE_SIGN_STYLE = Automatic;
				CURRENT_PROJECT_VERSION = 1;
				DEVELOPMENT_TEAM = 4Q6S759NWS;
				GENERATE_INFOPLIST_FILE = YES;
				IPHONEOS_DEPLOYMENT_TARGET = 18.1;
				MARKETING_VERSION = 1.0;
				PRODUCT_BUNDLE_IDENTIFIER = Temi.EmotiQTests;
				PRODUCT_NAME = "$(TARGET_NAME)";
				SWIFT_EMIT_LOC_STRINGS = NO;
				SWIFT_VERSION = 5.0;
				TARGETED_DEVICE_FAMILY = "1,2";
				TEST_HOST = "$(BUILT_PRODUCTS_DIR)/EmotiQ.app/$(BUNDLE_EXECUTABLE_FOLDER_PATH)/EmotiQ";
			};
			name = Debug;
		};
		A75325CF2E3BBE1000735737 /* Release */ = {
			isa = XCBuildConfiguration;
			buildSettings = {
				BUNDLE_LOADER = "$(TEST_HOST)";
				CODE_SIGN_STYLE = Automatic;
				CURRENT_PROJECT_VERSION = 1;
				DEVELOPMENT_TEAM = 4Q6S759NWS;
				GENERATE_INFOPLIST_FILE = YES;
				IPHONEOS_DEPLOYMENT_TARGET = 18.1;
				MARKETING_VERSION = 1.0;
				PRODUCT_BUNDLE_IDENTIFIER = Temi.EmotiQTests;
				PRODUCT_NAME = "$(TARGET_NAME)";
				SWIFT_EMIT_LOC_STRINGS = NO;
				SWIFT_VERSION = 5.0;
				TARGETED_DEVICE_FAMILY = "1,2";
				TEST_HOST = "$(BUILT_PRODUCTS_DIR)/EmotiQ.app/$(BUNDLE_EXECUTABLE_FOLDER_PATH)/EmotiQ";
			};
			name = Release;
		};
		A75325D12E3BBE1000735737 /* Debug */ = {
			isa = XCBuildConfiguration;
			buildSettings = {
				CODE_SIGN_STYLE = Automatic;
				CURRENT_PROJECT_VERSION = 1;
				DEVELOPMENT_TEAM = 4Q6S759NWS;
				GENERATE_INFOPLIST_FILE = YES;
				MARKETING_VERSION = 1.0;
				PRODUCT_BUNDLE_IDENTIFIER = Temi.EmotiQUITests;
				PRODUCT_NAME = "$(TARGET_NAME)";
				SWIFT_EMIT_LOC_STRINGS = NO;
				SWIFT_VERSION = 5.0;
				TARGETED_DEVICE_FAMILY = "1,2";
				TEST_TARGET_NAME = EmotiQ;
			};
			name = Debug;
		};
		A75325D22E3BBE1000735737 /* Release */ = {
			isa = XCBuildConfiguration;
			buildSettings = {
				CODE_SIGN_STYLE = Automatic;
				CURRENT_PROJECT_VERSION = 1;
				DEVELOPMENT_TEAM = 4Q6S759NWS;
				GENERATE_INFOPLIST_FILE = YES;
				MARKETING_VERSION = 1.0;
				PRODUCT_BUNDLE_IDENTIFIER = Temi.EmotiQUITests;
				PRODUCT_NAME = "$(TARGET_NAME)";
				SWIFT_EMIT_LOC_STRINGS = NO;
				SWIFT_VERSION = 5.0;
				TARGETED_DEVICE_FAMILY = "1,2";
				TEST_TARGET_NAME = EmotiQ;
			};
			name = Release;
		};
/* End XCBuildConfiguration section */

/* Begin XCConfigurationList section */
		A7270B102E429FC700676A5A /* Build configuration list for PBXNativeTarget "OneSignalNotificationServiceExtension" */ = {
			isa = XCConfigurationList;
			buildConfigurations = (
				A7270B112E429FC700676A5A /* Debug */,
				A7270B122E429FC700676A5A /* Release */,
			);
			defaultConfigurationIsVisible = 0;
			defaultConfigurationName = Release;
		};
		A75325992E3BBE0E00735737 /* Build configuration list for PBXProject "EmotiQ" */ = {
			isa = XCConfigurationList;
			buildConfigurations = (
				A75325CB2E3BBE1000735737 /* Debug */,
				A75325CC2E3BBE1000735737 /* Release */,
			);
			defaultConfigurationIsVisible = 0;
			defaultConfigurationName = Release;
		};
		A75325C82E3BBE1000735737 /* Build configuration list for PBXNativeTarget "EmotiQ" */ = {
			isa = XCConfigurationList;
			buildConfigurations = (
				A75325C92E3BBE1000735737 /* Debug */,
				A75325CA2E3BBE1000735737 /* Release */,
			);
			defaultConfigurationIsVisible = 0;
			defaultConfigurationName = Release;
		};
		A75325CD2E3BBE1000735737 /* Build configuration list for PBXNativeTarget "EmotiQTests" */ = {
			isa = XCConfigurationList;
			buildConfigurations = (
				A75325CE2E3BBE1000735737 /* Debug */,
				A75325CF2E3BBE1000735737 /* Release */,
			);
			defaultConfigurationIsVisible = 0;
			defaultConfigurationName = Release;
		};
		A75325D02E3BBE1000735737 /* Build configuration list for PBXNativeTarget "EmotiQUITests" */ = {
			isa = XCConfigurationList;
			buildConfigurations = (
				A75325D12E3BBE1000735737 /* Debug */,
				A75325D22E3BBE1000735737 /* Release */,
			);
			defaultConfigurationIsVisible = 0;
			defaultConfigurationName = Release;
		};
/* End XCConfigurationList section */

/* Begin XCRemoteSwiftPackageReference section */
		A7270B162E42A5EE00676A5A /* XCRemoteSwiftPackageReference "OneSignal-iOS-SDK" */ = {
			isa = XCRemoteSwiftPackageReference;
			repositoryURL = "https://github.com/OneSignal/OneSignal-iOS-SDK";
			requirement = {
				kind = upToNextMajorVersion;
				minimumVersion = 5.2.14;
			};
		};
		A7C5C98F2E3ECAF600EE8D2B /* XCRemoteSwiftPackageReference "purchases-ios" */ = {
			isa = XCRemoteSwiftPackageReference;
			repositoryURL = "https://github.com/RevenueCat/purchases-ios.git";
			requirement = {
				kind = upToNextMajorVersion;
				minimumVersion = 5.34.0;
			};
		};
/* End XCRemoteSwiftPackageReference section */

/* Begin XCSwiftPackageProductDependency section */
		A7270B172E42A5EE00676A5A /* OneSignalExtension */ = {
			isa = XCSwiftPackageProductDependency;
			package = A7270B162E42A5EE00676A5A /* XCRemoteSwiftPackageReference "OneSignal-iOS-SDK" */;
			productName = OneSignalExtension;
		};
		A7270B192E42A5EE00676A5A /* OneSignalFramework */ = {
			isa = XCSwiftPackageProductDependency;
			package = A7270B162E42A5EE00676A5A /* XCRemoteSwiftPackageReference "OneSignal-iOS-SDK" */;
			productName = OneSignalFramework;
		};
		A7270B1B2E42A5EE00676A5A /* OneSignalInAppMessages */ = {
			isa = XCSwiftPackageProductDependency;
			package = A7270B162E42A5EE00676A5A /* XCRemoteSwiftPackageReference "OneSignal-iOS-SDK" */;
			productName = OneSignalInAppMessages;
		};
		A7C5C9902E3ECAF600EE8D2B /* RevenueCat */ = {
			isa = XCSwiftPackageProductDependency;
			package = A7C5C98F2E3ECAF600EE8D2B /* XCRemoteSwiftPackageReference "purchases-ios" */;
			productName = RevenueCat;
		};
		A7C5C9922E3ECAF600EE8D2B /* RevenueCatUI */ = {
			isa = XCSwiftPackageProductDependency;
			package = A7C5C98F2E3ECAF600EE8D2B /* XCRemoteSwiftPackageReference "purchases-ios" */;
			productName = RevenueCatUI;
		};
/* End XCSwiftPackageProductDependency section */
	};
	rootObject = A75325962E3BBE0E00735737 /* Project object */;
}
